
Microsoft Visual Studio Solution File, Format Version 12.00
# Visual Studio Version 17
VisualStudioVersion = 17.6.33829.357
MinimumVisualStudioVersion = 10.0.40219.1
Project("{9A19103F-16F7-4668-BE54-9A1E7A4F7556}") = "CourseEF", "CourseEF.csproj", "{78BC8E45-865E-421A-9359-724F9FD143E2}"
EndProject
Global
	GlobalSection(SolutionConfigurationPlatforms) = preSolution
		Debug|Any CPU = Debug|Any CPU
		Release|Any CPU = Release|Any CPU
	EndGlobalSection
	GlobalSection(ProjectConfigurationPlatforms) = postSolution
		{78BC8E45-865E-421A-9359-724F9FD143E2}.Debug|Any CPU.ActiveCfg = Debug|Any CPU
		{78BC8E45-865E-421A-9359-724F9FD143E2}.Debug|Any CPU.Build.0 = Debug|Any CPU
		{78BC8E45-865E-421A-9359-724F9FD143E2}.Release|Any CPU.ActiveCfg = Release|Any CPU
		{78BC8E45-865E-421A-9359-724F9FD143E2}.Release|Any CPU.Build.0 = Release|Any CPU
	EndGlobalSection
	GlobalSection(SolutionProperties) = preSolution
		HideSolutionNode = FALSE
	EndGlobalSection
	GlobalSection(ExtensibilityGlobals) = postSolution
		SolutionGuid = {52916445-4C1D-4216-92EB-9401E985B066}
	EndGlobalSection
EndGlobal
